{
  "name": "@divergencetech/ethier",
  "version": "0.6.0",
  "lockfileVersion": 2,
  "requires": true,
  "packages": {
    "": {
      "name": "@divergencetech/ethier",
      "version": "0.6.0",
      "license": "MIT",
      "dependencies": {
        "@openzeppelin/contracts": "^4.4.0"
      },
      "devDependencies": {}
    },
    "node_modules/@openzeppelin/contracts": {
      "version": "4.4.0",
      "resolved": "https://registry.npmjs.org/@openzeppelin/contracts/-/contracts-4.4.0.tgz",
      "integrity": "sha512-dlKiZmDvJnGRLHojrDoFZJmsQVeltVeoiRN7RK+cf2FmkhASDEblE0RiaYdxPNsUZa6mRG8393b9bfyp+V5IAw=="
    }
  },
  "dependencies": {
    "@openzeppelin/contracts": {
      "version": "4.4.0",
      "resolved": "https://registry.npmjs.org/@openzeppelin/contracts/-/contracts-4.4.0.tgz",
      "integrity": "sha512-dlKiZmDvJnGRLHojrDoFZJmsQVeltVeoiRN7RK+cf2FmkhASDEblE0RiaYdxPNsUZa6mRG8393b9bfyp+V5IAw=="
    }
  }
}
